
Microsoft Visual Studio Solution File, Format Version 12.00
# Visual Studio Version 17
VisualStudioVersion = 17.5.33502.453
MinimumVisualStudioVersion = 10.0.40219.1
Project("{FAE04EC0-301F-11D3-BF4B-00C04F79EFBC}") = "task_2", "task_2.csproj", "{774EFAE4-8149-4EEF-BAD2-9998905F291B}"
EndProject
Global
	GlobalSection(SolutionConfigurationPlatforms) = preSolution
		Debug|Any CPU = Debug|Any CPU
		Release|Any CPU = Release|Any CPU
	EndGlobalSection
	GlobalSection(ProjectConfigurationPlatforms) = postSolution
		{774EFAE4-8149-4EEF-BAD2-9998905F291B}.Debug|Any CPU.ActiveCfg = Debug|Any CPU
		{774EFAE4-8149-4EEF-BAD2-9998905F291B}.Debug|Any CPU.Build.0 = Debug|Any CPU
		{774EFAE4-8149-4EEF-BAD2-9998905F291B}.Release|Any CPU.ActiveCfg = Release|Any CPU
		{774EFAE4-8149-4EEF-BAD2-9998905F291B}.Release|Any CPU.Build.0 = Release|Any CPU
	EndGlobalSection
	GlobalSection(SolutionProperties) = preSolution
		HideSolutionNode = FALSE
	EndGlobalSection
	GlobalSection(ExtensibilityGlobals) = postSolution
		SolutionGuid = {8A25BF16-CBEF-4F62-8EAC-511282D45612}
	EndGlobalSection
EndGlobal
